// !$*UTF8*$!
{
	archiveVersion = 1;
	classes = {
	};
	objectVersion = 50;
	objects = {

/* Begin PBXBuildFile section */
		FBE9FBF726B1BBE2001FA19E /* AppDelegate.swift in Sources */ = {isa = PBXBuildFile; fileRef = FBE9FBF626B1BBE2001FA19E /* AppDelegate.swift */; };
		FBE9FBF926B1BBE2001FA19E /* SceneDelegate.swift in Sources */ = {isa = PBXBuildFile; fileRef = FBE9FBF826B1BBE2001FA19E /* SceneDelegate.swift */; };
		FBE9FBFE26B1BBE2001FA19E /* Main.storyboard in Resources */ = {isa = PBXBuildFile; fileRef = FBE9FBFC26B1BBE2001FA19E /* Main.storyboard */; };
		FBE9FC0026B1BBE4001FA19E /* Assets.xcassets in Resources */ = {isa = PBXBuildFile; fileRef = FBE9FBFF26B1BBE4001FA19E /* Assets.xcassets */; };
		FBE9FC0326B1BBE4001FA19E /* LaunchScreen.storyboard in Resources */ = {isa = PBXBuildFile; fileRef = FBE9FC0126B1BBE4001FA19E /* LaunchScreen.storyboard */; };
		FBE9FC0D26B1BF81001FA19E /* PersonsListOneViewController.swift in Sources */ = {isa = PBXBuildFile; fileRef = FBE9FC0C26B1BF81001FA19E /* PersonsListOneViewController.swift */; };
		FBE9FC0F26B1C0AE001FA19E /* PerrsonModel.swift in Sources */ = {isa = PBXBuildFile; fileRef = FBE9FC0E26B1C0AE001FA19E /* PerrsonModel.swift */; };
		FBE9FC1126B1C0FC001FA19E /* DataManager.swift in Sources */ = {isa = PBXBuildFile; fileRef = FBE9FC1026B1C0FC001FA19E /* DataManager.swift */; };
/* End PBXBuildFile section */

/* Begin PBXFileReference section */
		FBE9FBF326B1BBE2001FA19E /* PersonsListApp.app */ = {isa = PBXFileReference; explicitFileType = wrapper.application; includeInIndex = 0; path = PersonsListApp.app; sourceTree = BUILT_PRODUCTS_DIR; };
		FBE9FBF626B1BBE2001FA19E /* AppDelegate.swift */ = {isa = PBXFileReference; lastKnownFileType = sourcecode.swift; path = AppDelegate.swift; sourceTree = "<group>"; };
		FBE9FBF826B1BBE2001FA19E /* SceneDelegate.swift */ = {isa = PBXFileReference; lastKnownFileType = sourcecode.swift; path = SceneDelegate.swift; sourceTree = "<group>"; };
		FBE9FBFD26B1BBE2001FA19E /* Base */ = {isa = PBXFileReference; lastKnownFileType = file.storyboard; name = Base; path = Base.lproj/Main.storyboard; sourceTree = "<group>"; };
		FBE9FBFF26B1BBE4001FA19E /* Assets.xcassets */ = {isa = PBXFileReference; lastKnownFileType = folder.assetcatalog; path = Assets.xcassets; sourceTree = "<group>"; };
		FBE9FC0226B1BBE4001FA19E /* Base */ = {isa = PBXFileReference; lastKnownFileType = file.storyboard; name = Base; path = Base.lproj/LaunchScreen.storyboard; sourceTree = "<group>"; };
		FBE9FC0426B1BBE4001FA19E /* Info.plist */ = {isa = PBXFileReference; lastKnownFileType = text.plist.xml; path = Info.plist; sourceTree = "<group>"; };
		FBE9FC0C26B1BF81001FA19E /* PersonsListOneViewController.swift */ = {isa = PBXFileReference; lastKnownFileType = sourcecode.swift; path = PersonsListOneViewController.swift; sourceTree = "<group>"; };
		FBE9FC0E26B1C0AE001FA19E /* PerrsonModel.swift */ = {isa = PBXFileReference; lastKnownFileType = sourcecode.swift; path = PerrsonModel.swift; sourceTree = "<group>"; };
		FBE9FC1026B1C0FC001FA19E /* DataManager.swift */ = {isa = PBXFileReference; lastKnownFileType = sourcecode.swift; path = DataManager.swift; sourceTree = "<group>"; };
/* End PBXFileReference section */

/* Begin PBXFrameworksBuildPhase section */
		FBE9FBF026B1BBE2001FA19E /* Frameworks */ = {
			isa = PBXFrameworksBuildPhase;
			buildActionMask = 2147483647;
			files = (
			);
			runOnlyForDeploymentPostprocessing = 0;
		};
/* End PBXFrameworksBuildPhase section */

/* Begin PBXGroup section */
		FBE9FBEA26B1BBE2001FA19E = {
			isa = PBXGroup;
			children = (
				FBE9FBF526B1BBE2001FA19E /* PersonsListApp */,
				FBE9FBF426B1BBE2001FA19E /* Products */,
			);
			sourceTree = "<group>";
		};
		FBE9FBF426B1BBE2001FA19E /* Products */ = {
			isa = PBXGroup;
			children = (
				FBE9FBF326B1BBE2001FA19E /* PersonsListApp.app */,
			);
			name = Products;
			sourceTree = "<group>";
		};
		FBE9FBF526B1BBE2001FA19E /* PersonsListApp */ = {
			isa = PBXGroup;
			children = (
				FBE9FBF626B1BBE2001FA19E /* AppDelegate.swift */,
				FBE9FBF826B1BBE2001FA19E /* SceneDelegate.swift */,
				FBE9FBFC26B1BBE2001FA19E /* Main.storyboard */,
				FBE9FC0E26B1C0AE001FA19E /* PerrsonModel.swift */,
				FBE9FC1026B1C0FC001FA19E /* DataManager.swift */,
				FBE9FBFF26B1BBE4001FA19E /* Assets.xcassets */,
				FBE9FC0C26B1BF81001FA19E /* PersonsListOneViewController.swift */,
				FBE9FC0126B1BBE4001FA19E /* LaunchScreen.storyboard */,
				FBE9FC0426B1BBE4001FA19E /* Info.plist */,
			);
			path = PersonsListApp;
			sourceTree = "<group>";
		};
/* End PBXGroup section */

/* Begin PBXNativeTarget section */
		FBE9FBF226B1BBE2001FA19E /* PersonsListApp */ = {
			isa = PBXNativeTarget;
			buildConfigurationList = FBE9FC0726B1BBE4001FA19E /* Build configuration list for PBXNativeTarget "PersonsListApp" */;
			buildPhases = (
				FBE9FBEF26B1BBE2001FA19E /* Sources */,
				FBE9FBF026B1BBE2001FA19E /* Frameworks */,
				FBE9FBF126B1BBE2001FA19E /* Resources */,
			);
			buildRules = (
			);
			dependencies = (
			);
			name = PersonsListApp;
			productName = PersonsListApp;
			productReference = FBE9FBF326B1BBE2001FA19E /* PersonsListApp.app */;
			productType = "com.apple.product-type.application";
		};
/* End PBXNativeTarget section */

/* Begin PBXProject section */
		FBE9FBEB26B1BBE2001FA19E /* Project object */ = {
			isa = PBXProject;
			attributes = {
				LastSwiftUpdateCheck = 1250;
				LastUpgradeCheck = 1250;
				TargetAttributes = {
					FBE9FBF226B1BBE2001FA19E = {
						CreatedOnToolsVersion = 12.5.1;
					};
				};
			};
			buildConfigurationList = FBE9FBEE26B1BBE2001FA19E /* Build configuration list for PBXProject "PersonsListApp" */;
			compatibilityVersion = "Xcode 9.3";
			developmentRegion = en;
			hasScannedForEncodings = 0;
			knownRegions = (
				en,
				Base,
			);
			mainGroup = FBE9FBEA26B1BBE2001FA19E;
			productRefGroup = FBE9FBF426B1BBE2001FA19E /* Products */;
			projectDirPath = "";
			projectRoot = "";
			targets = (
				FBE9FBF226B1BBE2001FA19E /* PersonsListApp */,
			);
		};
/* End PBXProject section */

/* Begin PBXResourcesBuildPhase section */
		FBE9FBF126B1BBE2001FA19E /* Resources */ = {
			isa = PBXResourcesBuildPhase;
			buildActionMask = 2147483647;
			files = (
				FBE9FC0326B1BBE4001FA19E /* LaunchScreen.storyboard in Resources */,
				FBE9FC0026B1BBE4001FA19E /* Assets.xcassets in Resources */,
				FBE9FBFE26B1BBE2001FA19E /* Main.storyboard in Resources */,
			);
			runOnlyForDeploymentPostprocessing = 0;
		};
/* End PBXResourcesBuildPhase section */

/* Begin PBXSourcesBuildPhase section */
		FBE9FBEF26B1BBE2001FA19E /* Sources */ = {
			isa = PBXSourcesBuildPhase;
			buildActionMask = 2147483647;
			files = (
				FBE9FC0D26B1BF81001FA19E /* PersonsListOneViewController.swift in Sources */,
				FBE9FC1126B1C0FC001FA19E /* DataManager.swift in Sources */,
				FBE9FBF726B1BBE2001FA19E /* AppDelegate.swift in Sources */,
				FBE9FBF926B1BBE2001FA19E /* SceneDelegate.swift in Sources */,
				FBE9FC0F26B1C0AE001FA19E /* PerrsonModel.swift in Sources */,
			);
			runOnlyForDeploymentPostprocessing = 0;
		};
/* End PBXSourcesBuildPhase section */

/* Begin PBXVariantGroup section */
		FBE9FBFC26B1BBE2001FA19E /* Main.storyboard */ = {
			isa = PBXVariantGroup;
			children = (
				FBE9FBFD26B1BBE2001FA19E /* Base */,
			);
			name = Main.storyboard;
			sourceTree = "<group>";
		};
		FBE9FC0126B1BBE4001FA19E /* LaunchScreen.storyboard */ = {
			isa = PBXVariantGroup;
			children = (
				FBE9FC0226B1BBE4001FA19E /* Base */,
			);
			name = LaunchScreen.storyboard;
			sourceTree = "<group>";
		};
/* End PBXVariantGroup section */

/* Begin XCBuildConfiguration section */
		FBE9FC0526B1BBE4001FA19E /* Debug */ = {
			isa = XCBuildConfiguration;
			buildSettings = {
				ALWAYS_SEARCH_USER_PATHS = NO;
				CLANG_ANALYZER_NONNULL = YES;
				CLANG_ANALYZER_NUMBER_OBJECT_CONVERSION = YES_AGGRESSIVE;
				CLANG_CXX_LANGUAGE_STANDARD = "gnu++14";
				CLANG_CXX_LIBRARY = "libc++";
				CLANG_ENABLE_MODULES = YES;
				CLANG_ENABLE_OBJC_ARC = YES;
				CLANG_ENABLE_OBJC_WEAK = YES;
				CLANG_WARN_BLOCK_CAPTURE_AUTORELEASING = YES;
				CLANG_WARN_BOOL_CONVERSION = YES;
				CLANG_WARN_COMMA = YES;
				CLANG_WARN_CONSTANT_CONVERSION = YES;
				CLANG_WARN_DEPRECATED_OBJC_IMPLEMENTATIONS = YES;
				CLANG_WARN_DIRECT_OBJC_ISA_USAGE = YES_ERROR;
				CLANG_WARN_DOCUMENTATION_COMMENTS = YES;
				CLANG_WARN_EMPTY_BODY = YES;
				CLANG_WARN_ENUM_CONVERSION = YES;
				CLANG_WARN_INFINITE_RECURSION = YES;
				CLANG_WARN_INT_CONVERSION = YES;
				CLANG_WARN_NON_LITERAL_NULL_CONVERSION = YES;
				CLANG_WARN_OBJC_IMPLICIT_RETAIN_SELF = YES;
				CLANG_WARN_OBJC_LITERAL_CONVERSION = YES;
				CLANG_WARN_OBJC_ROOT_CLASS = YES_ERROR;
				CLANG_WARN_QUOTED_INCLUDE_IN_FRAMEWORK_HEADER = YES;
				CLANG_WARN_RANGE_LOOP_ANALYSIS = YES;
				CLANG_WARN_STRICT_PROTOTYPES = YES;
				CLANG_WARN_SUSPICIOUS_MOVE = YES;
				CLANG_WARN_UNGUARDED_AVAILABILITY = YES_AGGRESSIVE;
				CLANG_WARN_UNREACHABLE_CODE = YES;
				CLANG_WARN__DUPLICATE_METHOD_MATCH = YES;
				COPY_PHASE_STRIP = NO;
				DEBUG_INFORMATION_FORMAT = dwarf;
				ENABLE_STRICT_OBJC_MSGSEND = YES;
				ENABLE_TESTABILITY = YES;
				GCC_C_LANGUAGE_STANDARD = gnu11;
				GCC_DYNAMIC_NO_PIC = NO;
				GCC_NO_COMMON_BLOCKS = YES;
				GCC_OPTIMIZATION_LEVEL = 0;
				GCC_PREPROCESSOR_DEFINITIONS = (
					"DEBUG=1",
					"$(inherited)",
				);
				GCC_WARN_64_TO_32_BIT_CONVERSION = YES;
				GCC_WARN_ABOUT_RETURN_TYPE = YES_ERROR;
				GCC_WARN_UNDECLARED_SELECTOR = YES;
				GCC_WARN_UNINITIALIZED_AUTOS = YES_AGGRESSIVE;
				GCC_WARN_UNUSED_FUNCTION = YES;
				GCC_WARN_UNUSED_VARIABLE = YES;
				IPHONEOS_DEPLOYMENT_TARGET = 14.5;
				MTL_ENABLE_DEBUG_INFO = INCLUDE_SOURCE;
				MTL_FAST_MATH = YES;
				ONLY_ACTIVE_ARCH = YES;
				SDKROOT = iphoneos;
				SWIFT_ACTIVE_COMPILATION_CONDITIONS = DEBUG;
				SWIFT_OPTIMIZATION_LEVEL = "-Onone";
			};
			name = Debug;
		};
		FBE9FC0626B1BBE4001FA19E /* Release */ = {
			isa = XCBuildConfiguration;
			buildSettings = {
				ALWAYS_SEARCH_USER_PATHS = NO;
				CLANG_ANALYZER_NONNULL = YES;
				CLANG_ANALYZER_NUMBER_OBJECT_CONVERSION = YES_AGGRESSIVE;
				CLANG_CXX_LANGUAGE_STANDARD = "gnu++14";
				CLANG_CXX_LIBRARY = "libc++";
				CLANG_ENABLE_MODULES = YES;
				CLANG_ENABLE_OBJC_ARC = YES;
				CLANG_ENABLE_OBJC_WEAK = YES;
				CLANG_WARN_BLOCK_CAPTURE_AUTORELEASING = YES;
				CLANG_WARN_BOOL_CONVERSION = YES;
				CLANG_WARN_COMMA = YES;
				CLANG_WARN_CONSTANT_CONVERSION = YES;
				CLANG_WARN_DEPRECATED_OBJC_IMPLEMENTATIONS = YES;
				CLANG_WARN_DIRECT_OBJC_ISA_USAGE = YES_ERROR;
				CLANG_WARN_DOCUMENTATION_COMMENTS = YES;
				CLANG_WARN_EMPTY_BODY = YES;
				CLANG_WARN_ENUM_CONVERSION = YES;
				CLANG_WARN_INFINITE_RECURSION = YES;
				CLANG_WARN_INT_CONVERSION = YES;
				CLANG_WARN_NON_LITERAL_NULL_CONVERSION = YES;
				CLANG_WARN_OBJC_IMPLICIT_RETAIN_SELF = YES;
				CLANG_WARN_OBJC_LITERAL_CONVERSION = YES;
				CLANG_WARN_OBJC_ROOT_CLASS = YES_ERROR;
				CLANG_WARN_QUOTED_INCLUDE_IN_FRAMEWORK_HEADER = YES;
				CLANG_WARN_RANGE_LOOP_ANALYSIS = YES;
				CLANG_WARN_STRICT_PROTOTYPES = YES;
				CLANG_WARN_SUSPICIOUS_MOVE = YES;
				CLANG_WARN_UNGUARDED_AVAILABILITY = YES_AGGRESSIVE;
				CLANG_WARN_UNREACHABLE_CODE = YES;
				CLANG_WARN__DUPLICATE_METHOD_MATCH = YES;
				COPY_PHASE_STRIP = NO;
				DEBUG_INFORMATION_FORMAT = "dwarf-with-dsym";
				ENABLE_NS_ASSERTIONS = NO;
				ENABLE_STRICT_OBJC_MSGSEND = YES;
				GCC_C_LANGUAGE_STANDARD = gnu11;
				GCC_NO_COMMON_BLOCKS = YES;
				GCC_WARN_64_TO_32_BIT_CONVERSION = YES;
				GCC_WARN_ABOUT_RETURN_TYPE = YES_ERROR;
				GCC_WARN_UNDECLARED_SELECTOR = YES;
				GCC_WARN_UNINITIALIZED_AUTOS = YES_AGGRESSIVE;
				GCC_WARN_UNUSED_FUNCTION = YES;
				GCC_WARN_UNUSED_VARIABLE = YES;
				IPHONEOS_DEPLOYMENT_TARGET = 14.5;
				MTL_ENABLE_DEBUG_INFO = NO;
				MTL_FAST_MATH = YES;
				SDKROOT = iphoneos;
				SWIFT_COMPILATION_MODE = wholemodule;
				SWIFT_OPTIMIZATION_LEVEL = "-O";
				VALIDATE_PRODUCT = YES;
			};
			name = Release;
		};
		FBE9FC0826B1BBE4001FA19E /* Debug */ = {
			isa = XCBuildConfiguration;
			buildSettings = {
				ASSETCATALOG_COMPILER_APPICON_NAME = AppIcon;
				ASSETCATALOG_COMPILER_GLOBAL_ACCENT_COLOR_NAME = AccentColor;
				CODE_SIGN_STYLE = Automatic;
				DEVELOPMENT_TEAM = 4BT2VTU8HS;
				INFOPLIST_FILE = PersonsListApp/Info.plist;
				LD_RUNPATH_SEARCH_PATHS = (
					"$(inherited)",
					"@executable_path/Frameworks",
				);
				PRODUCT_BUNDLE_IDENTIFIER = gusarovFG.PersonsListApp;
				PRODUCT_NAME = "$(TARGET_NAME)";
				SWIFT_VERSION = 5.0;
				TARGETED_DEVICE_FAMILY = "1,2";
			};
			name = Debug;
		};
		FBE9FC0926B1BBE4001FA19E /* Release */ = {
			isa = XCBuildConfiguration;
			buildSettings = {
				ASSETCATALOG_COMPILER_APPICON_NAME = AppIcon;
				ASSETCATALOG_COMPILER_GLOBAL_ACCENT_COLOR_NAME = AccentColor;
				CODE_SIGN_STYLE = Automatic;
				DEVELOPMENT_TEAM = 4BT2VTU8HS;
				INFOPLIST_FILE = PersonsListApp/Info.plist;
				LD_RUNPATH_SEARCH_PATHS = (
					"$(inherited)",
					"@executable_path/Frameworks",
				);
				PRODUCT_BUNDLE_IDENTIFIER = gusarovFG.PersonsListApp;
				PRODUCT_NAME = "$(TARGET_NAME)";
				SWIFT_VERSION = 5.0;
				TARGETED_DEVICE_FAMILY = "1,2";
			};
			name = Release;
		};
/* End XCBuildConfiguration section */

/* Begin XCConfigurationList section */
		FBE9FBEE26B1BBE2001FA19E /* Build configuration list for PBXProject "PersonsListApp" */ = {
			isa = XCConfigurationList;
			buildConfigurations = (
				FBE9FC0526B1BBE4001FA19E /* Debug */,
				FBE9FC0626B1BBE4001FA19E /* Release */,
			);
			defaultConfigurationIsVisible = 0;
			defaultConfigurationName = Release;
		};
		FBE9FC0726B1BBE4001FA19E /* Build configuration list for PBXNativeTarget "PersonsListApp" */ = {
			isa = XCConfigurationList;
			buildConfigurations = (
				FBE9FC0826B1BBE4001FA19E /* Debug */,
				FBE9FC0926B1BBE4001FA19E /* Release */,
			);
			defaultConfigurationIsVisible = 0;
			defaultConfigurationName = Release;
		};
/* End XCConfigurationList section */
	};
	rootObject = FBE9FBEB26B1BBE2001FA19E /* Project object */;
}
